
Microsoft Visual Studio Solution File, Format Version 12.00
# Visual Studio Version 17
VisualStudioVersion = 17.6.33723.286
MinimumVisualStudioVersion = 10.0.40219.1
Project("{FAE04EC0-301F-11D3-BF4B-00C04F79EFBC}") = "SchoolFeeding", "SchoolFeeding\SchoolFeeding.csproj", "{388013F3-62D9-47C8-BF51-D1AD7B0DD647}"
EndProject
Global
	GlobalSection(SolutionConfigurationPlatforms) = preSolution
		Debug|Any CPU = Debug|Any CPU
		Release|Any CPU = Release|Any CPU
	EndGlobalSection
	GlobalSection(ProjectConfigurationPlatforms) = postSolution
		{388013F3-62D9-47C8-BF51-D1AD7B0DD647}.Debug|Any CPU.ActiveCfg = Debug|Any CPU
		{388013F3-62D9-47C8-BF51-D1AD7B0DD647}.Debug|Any CPU.Build.0 = Debug|Any CPU
		{388013F3-62D9-47C8-BF51-D1AD7B0DD647}.Release|Any CPU.ActiveCfg = Release|Any CPU
		{388013F3-62D9-47C8-BF51-D1AD7B0DD647}.Release|Any CPU.Build.0 = Release|Any CPU
	EndGlobalSection
	GlobalSection(SolutionProperties) = preSolution
		HideSolutionNode = FALSE
	EndGlobalSection
	GlobalSection(ExtensibilityGlobals) = postSolution
		SolutionGuid = {F92C300D-5242-462C-A0C7-E8BF15D31D70}
	EndGlobalSection
EndGlobal
